
Microsoft Visual Studio Solution File, Format Version 11.00
# Visual Studio 2010
Project("{FAE04EC0-301F-11D3-BF4B-00C04F79EFBC}") = "take-a-break", "take-a-break.csproj", "{9B6E80BA-8ECA-4914-98FB-A1A01CFD7CDF}"
EndProject
Global
	GlobalSection(SolutionConfigurationPlatforms) = preSolution
		Debug|x86 = Debug|x86
		Release|x86 = Release|x86
	EndGlobalSection
	GlobalSection(ProjectConfigurationPlatforms) = postSolution
		{9B6E80BA-8ECA-4914-98FB-A1A01CFD7CDF}.Debug|x86.ActiveCfg = Debug|Any CPU
		{9B6E80BA-8ECA-4914-98FB-A1A01CFD7CDF}.Debug|x86.Build.0 = Debug|Any CPU
		{9B6E80BA-8ECA-4914-98FB-A1A01CFD7CDF}.Release|x86.ActiveCfg = Release|x86
		{9B6E80BA-8ECA-4914-98FB-A1A01CFD7CDF}.Release|x86.Build.0 = Release|x86
	EndGlobalSection
	GlobalSection(SolutionProperties) = preSolution
		HideSolutionNode = FALSE
	EndGlobalSection
EndGlobal
